
Microsoft Visual Studio Solution File, Format Version 12.00
# Visual Studio 15
VisualStudioVersion = 15.0.26124.0
MinimumVisualStudioVersion = 15.0.26124.0
Project("{FAE04EC0-301F-11D3-BF4B-00C04F79EFBC}") = "Domain", "Domain\Domain.csproj", "{17CBC1CB-3D58-4AEF-B94D-9ED83291A712}"
EndProject
Project("{FAE04EC0-301F-11D3-BF4B-00C04F79EFBC}") = "Application", "Application\Application.csproj", "{3F55CF57-2A13-4FE4-A509-D3505F6C4AD0}"
EndProject
Project("{FAE04EC0-301F-11D3-BF4B-00C04F79EFBC}") = "Presistence", "Presistence\Presistence.csproj", "{1119AC79-BD75-4677-8623-F62C7B291FD1}"
EndProject
Project("{FAE04EC0-301F-11D3-BF4B-00C04F79EFBC}") = "API", "API\API.csproj", "{F70EA9FE-3B6A-4083-9E2E-739163FA65C8}"
EndProject
Global
	GlobalSection(SolutionConfigurationPlatforms) = preSolution
		Debug|Any CPU = Debug|Any CPU
		Debug|x64 = Debug|x64
		Debug|x86 = Debug|x86
		Release|Any CPU = Release|Any CPU
		Release|x64 = Release|x64
		Release|x86 = Release|x86
	EndGlobalSection
	GlobalSection(SolutionProperties) = preSolution
		HideSolutionNode = FALSE
	EndGlobalSection
	GlobalSection(ProjectConfigurationPlatforms) = postSolution
		{17CBC1CB-3D58-4AEF-B94D-9ED83291A712}.Debug|Any CPU.ActiveCfg = Debug|Any CPU
		{17CBC1CB-3D58-4AEF-B94D-9ED83291A712}.Debug|Any CPU.Build.0 = Debug|Any CPU
		{17CBC1CB-3D58-4AEF-B94D-9ED83291A712}.Debug|x64.ActiveCfg = Debug|Any CPU
		{17CBC1CB-3D58-4AEF-B94D-9ED83291A712}.Debug|x64.Build.0 = Debug|Any CPU
		{17CBC1CB-3D58-4AEF-B94D-9ED83291A712}.Debug|x86.ActiveCfg = Debug|Any CPU
		{17CBC1CB-3D58-4AEF-B94D-9ED83291A712}.Debug|x86.Build.0 = Debug|Any CPU
		{17CBC1CB-3D58-4AEF-B94D-9ED83291A712}.Release|Any CPU.ActiveCfg = Release|Any CPU
		{17CBC1CB-3D58-4AEF-B94D-9ED83291A712}.Release|Any CPU.Build.0 = Release|Any CPU
		{17CBC1CB-3D58-4AEF-B94D-9ED83291A712}.Release|x64.ActiveCfg = Release|Any CPU
		{17CBC1CB-3D58-4AEF-B94D-9ED83291A712}.Release|x64.Build.0 = Release|Any CPU
		{17CBC1CB-3D58-4AEF-B94D-9ED83291A712}.Release|x86.ActiveCfg = Release|Any CPU
		{17CBC1CB-3D58-4AEF-B94D-9ED83291A712}.Release|x86.Build.0 = Release|Any CPU
		{3F55CF57-2A13-4FE4-A509-D3505F6C4AD0}.Debug|Any CPU.ActiveCfg = Debug|Any CPU
		{3F55CF57-2A13-4FE4-A509-D3505F6C4AD0}.Debug|Any CPU.Build.0 = Debug|Any CPU
		{3F55CF57-2A13-4FE4-A509-D3505F6C4AD0}.Debug|x64.ActiveCfg = Debug|Any CPU
		{3F55CF57-2A13-4FE4-A509-D3505F6C4AD0}.Debug|x64.Build.0 = Debug|Any CPU
		{3F55CF57-2A13-4FE4-A509-D3505F6C4AD0}.Debug|x86.ActiveCfg = Debug|Any CPU
		{3F55CF57-2A13-4FE4-A509-D3505F6C4AD0}.Debug|x86.Build.0 = Debug|Any CPU
		{3F55CF57-2A13-4FE4-A509-D3505F6C4AD0}.Release|Any CPU.ActiveCfg = Release|Any CPU
		{3F55CF57-2A13-4FE4-A509-D3505F6C4AD0}.Release|Any CPU.Build.0 = Release|Any CPU
		{3F55CF57-2A13-4FE4-A509-D3505F6C4AD0}.Release|x64.ActiveCfg = Release|Any CPU
		{3F55CF57-2A13-4FE4-A509-D3505F6C4AD0}.Release|x64.Build.0 = Release|Any CPU
		{3F55CF57-2A13-4FE4-A509-D3505F6C4AD0}.Release|x86.ActiveCfg = Release|Any CPU
		{3F55CF57-2A13-4FE4-A509-D3505F6C4AD0}.Release|x86.Build.0 = Release|Any CPU
		{1119AC79-BD75-4677-8623-F62C7B291FD1}.Debug|Any CPU.ActiveCfg = Debug|Any CPU
		{1119AC79-BD75-4677-8623-F62C7B291FD1}.Debug|Any CPU.Build.0 = Debug|Any CPU
		{1119AC79-BD75-4677-8623-F62C7B291FD1}.Debug|x64.ActiveCfg = Debug|Any CPU
		{1119AC79-BD75-4677-8623-F62C7B291FD1}.Debug|x64.Build.0 = Debug|Any CPU
		{1119AC79-BD75-4677-8623-F62C7B291FD1}.Debug|x86.ActiveCfg = Debug|Any CPU
		{1119AC79-BD75-4677-8623-F62C7B291FD1}.Debug|x86.Build.0 = Debug|Any CPU
		{1119AC79-BD75-4677-8623-F62C7B291FD1}.Release|Any CPU.ActiveCfg = Release|Any CPU
		{1119AC79-BD75-4677-8623-F62C7B291FD1}.Release|Any CPU.Build.0 = Release|Any CPU
		{1119AC79-BD75-4677-8623-F62C7B291FD1}.Release|x64.ActiveCfg = Release|Any CPU
		{1119AC79-BD75-4677-8623-F62C7B291FD1}.Release|x64.Build.0 = Release|Any CPU
		{1119AC79-BD75-4677-8623-F62C7B291FD1}.Release|x86.ActiveCfg = Release|Any CPU
		{1119AC79-BD75-4677-8623-F62C7B291FD1}.Release|x86.Build.0 = Release|Any CPU
		{F70EA9FE-3B6A-4083-9E2E-739163FA65C8}.Debug|Any CPU.ActiveCfg = Debug|Any CPU
		{F70EA9FE-3B6A-4083-9E2E-739163FA65C8}.Debug|Any CPU.Build.0 = Debug|Any CPU
		{F70EA9FE-3B6A-4083-9E2E-739163FA65C8}.Debug|x64.ActiveCfg = Debug|Any CPU
		{F70EA9FE-3B6A-4083-9E2E-739163FA65C8}.Debug|x64.Build.0 = Debug|Any CPU
		{F70EA9FE-3B6A-4083-9E2E-739163FA65C8}.Debug|x86.ActiveCfg = Debug|Any CPU
		{F70EA9FE-3B6A-4083-9E2E-739163FA65C8}.Debug|x86.Build.0 = Debug|Any CPU
		{F70EA9FE-3B6A-4083-9E2E-739163FA65C8}.Release|Any CPU.ActiveCfg = Release|Any CPU
		{F70EA9FE-3B6A-4083-9E2E-739163FA65C8}.Release|Any CPU.Build.0 = Release|Any CPU
		{F70EA9FE-3B6A-4083-9E2E-739163FA65C8}.Release|x64.ActiveCfg = Release|Any CPU
		{F70EA9FE-3B6A-4083-9E2E-739163FA65C8}.Release|x64.Build.0 = Release|Any CPU
		{F70EA9FE-3B6A-4083-9E2E-739163FA65C8}.Release|x86.ActiveCfg = Release|Any CPU
		{F70EA9FE-3B6A-4083-9E2E-739163FA65C8}.Release|x86.Build.0 = Release|Any CPU
	EndGlobalSection
EndGlobal
